
Microsoft Visual Studio Solution File, Format Version 12.00
# Visual Studio Version 16
VisualStudioVersion = 16.0.31005.135
MinimumVisualStudioVersion = 10.0.40219.1
Project("{9A19103F-16F7-4668-BE54-9A1E7A4F7556}") = "MyOwnDictionary", "MyDictionary\MyOwnDictionary.csproj", "{0D404859-C2CB-4EB2-A359-74290A3EA240}"
EndProject
Global
	GlobalSection(SolutionConfigurationPlatforms) = preSolution
		Debug|Any CPU = Debug|Any CPU
		Release|Any CPU = Release|Any CPU
	EndGlobalSection
	GlobalSection(ProjectConfigurationPlatforms) = postSolution
		{0D404859-C2CB-4EB2-A359-74290A3EA240}.Debug|Any CPU.ActiveCfg = Debug|Any CPU
		{0D404859-C2CB-4EB2-A359-74290A3EA240}.Debug|Any CPU.Build.0 = Debug|Any CPU
		{0D404859-C2CB-4EB2-A359-74290A3EA240}.Release|Any CPU.ActiveCfg = Release|Any CPU
		{0D404859-C2CB-4EB2-A359-74290A3EA240}.Release|Any CPU.Build.0 = Release|Any CPU
	EndGlobalSection
	GlobalSection(SolutionProperties) = preSolution
		HideSolutionNode = FALSE
	EndGlobalSection
	GlobalSection(ExtensibilityGlobals) = postSolution
		SolutionGuid = {53A963D3-65AE-4E3D-BC9C-5EFB99DE73C4}
	EndGlobalSection
EndGlobal
